
Microsoft Visual Studio Solution File, Format Version 12.00
# Visual Studio 15
VisualStudioVersion = 15.0.28010.2003
MinimumVisualStudioVersion = 10.0.40219.1
Project("{FAE04EC0-301F-11D3-BF4B-00C04F79EFBC}") = "Minesweeper", "Minesweeper\Minesweeper.csproj", "{2E572E87-15BB-4A33-AA46-E949A135DDDB}"
EndProject
Global
	GlobalSection(SolutionConfigurationPlatforms) = preSolution
		Debug|Any CPU = Debug|Any CPU
		Release|Any CPU = Release|Any CPU
	EndGlobalSection
	GlobalSection(ProjectConfigurationPlatforms) = postSolution
		{2E572E87-15BB-4A33-AA46-E949A135DDDB}.Debug|Any CPU.ActiveCfg = Debug|Any CPU
		{2E572E87-15BB-4A33-AA46-E949A135DDDB}.Debug|Any CPU.Build.0 = Debug|Any CPU
		{2E572E87-15BB-4A33-AA46-E949A135DDDB}.Release|Any CPU.ActiveCfg = Release|Any CPU
		{2E572E87-15BB-4A33-AA46-E949A135DDDB}.Release|Any CPU.Build.0 = Release|Any CPU
	EndGlobalSection
	GlobalSection(SolutionProperties) = preSolution
		HideSolutionNode = FALSE
	EndGlobalSection
	GlobalSection(ExtensibilityGlobals) = postSolution
		SolutionGuid = {7B293752-3A5F-47FC-A67F-7C0448A7017C}
	EndGlobalSection
EndGlobal
